
Microsoft Visual Studio Solution File, Format Version 12.00
# Visual Studio Version 17
VisualStudioVersion = 17.9.34622.214
MinimumVisualStudioVersion = 10.0.40219.1
Project("{8BC9CEB8-8B4A-11D0-8D11-00A0C91BC942}") = "Drawer", "Drawer\Drawer.vcxproj", "{7E74C54E-D041-4AF0-9C87-1E2435148DC0}"
EndProject
Global
	GlobalSection(SolutionConfigurationPlatforms) = preSolution
		Debug|x64 = Debug|x64
		Debug|x86 = Debug|x86
		Release|x64 = Release|x64
		Release|x86 = Release|x86
	EndGlobalSection
	GlobalSection(ProjectConfigurationPlatforms) = postSolution
		{7E74C54E-D041-4AF0-9C87-1E2435148DC0}.Debug|x64.ActiveCfg = Debug|x64
		{7E74C54E-D041-4AF0-9C87-1E2435148DC0}.Debug|x64.Build.0 = Debug|x64
		{7E74C54E-D041-4AF0-9C87-1E2435148DC0}.Debug|x86.ActiveCfg = Debug|Win32
		{7E74C54E-D041-4AF0-9C87-1E2435148DC0}.Debug|x86.Build.0 = Debug|Win32
		{7E74C54E-D041-4AF0-9C87-1E2435148DC0}.Release|x64.ActiveCfg = Release|x64
		{7E74C54E-D041-4AF0-9C87-1E2435148DC0}.Release|x64.Build.0 = Release|x64
		{7E74C54E-D041-4AF0-9C87-1E2435148DC0}.Release|x86.ActiveCfg = Release|Win32
		{7E74C54E-D041-4AF0-9C87-1E2435148DC0}.Release|x86.Build.0 = Release|Win32
	EndGlobalSection
	GlobalSection(SolutionProperties) = preSolution
		HideSolutionNode = FALSE
	EndGlobalSection
	GlobalSection(ExtensibilityGlobals) = postSolution
		SolutionGuid = {61ED2ECF-9C2E-4AC1-861A-C8AACF83E392}
	EndGlobalSection
EndGlobal
